<?xml version="1.0" encoding="utf-8"?>
<Project ToolsVersion="4.0" xmlns="http://schemas.microsoft.com/developer/msbuild/2003">
  <ItemGroup>
    <Filter Include="Исходные файлы">
      <UniqueIdentifier>{4FC737F1-C7A5-4376-A066-2A32D752A2FF}</UniqueIdentifier>
      <Extensions>cpp;c;cc;cxx;def;odl;idl;hpj;bat;asm;asmx</Extensions>
    </Filter>
    <Filter Include="Файлы заголовков">
      <UniqueIdentifier>{93995380-89BD-4b04-88EB-625FBE52EBFB}</UniqueIdentifier>
      <Extensions>h;hh;hpp;hxx;hm;inl;inc;ipp;xsd</Extensions>
    </Filter>
    <Filter Include="Файлы ресурсов">
      <UniqueIdentifier>{67DA6AB6-F800-4c08-8B7A-83BB121AAD01}</UniqueIdentifier>
      <Extensions>rc;ico;cur;bmp;dlg;rc2;rct;bin;rgs;gif;jpg;jpeg;jpe;resx;tiff;tif;png;wav;mfcribbon-ms</Extensions>
    </Filter>
    <Filter Include="Исходные файлы\shaders">
      <UniqueIdentifier>{220facb4-ce1e-45c3-b451-a48dcafcabd9}</UniqueIdentifier>
    </Filter>
    <Filter Include="Исходные файлы\main">
      <UniqueIdentifier>{b6d4d60b-fe60-43ee-84df-eb349e3116ca}</UniqueIdentifier>
    </Filter>
    <Filter Include="Исходные файлы\models">
      <UniqueIdentifier>{c8b56ae3-094b-44a7-b242-858b8660df93}</UniqueIdentifier>
    </Filter>
    <Filter Include="Исходные файлы\renderEngine">
      <UniqueIdentifier>{7df86fc9-07aa-4762-9515-f0950af63ab9}</UniqueIdentifier>
    </Filter>
    <Filter Include="Исходные файлы\textures">
      <UniqueIdentifier>{fdcf966a-21c1-47cb-8355-e25e206622f3}</UniqueIdentifier>
    </Filter>
    <Filter Include="Файлы заголовков\models">
      <UniqueIdentifier>{9a0ee08f-e197-4b21-85c8-30fec17665a8}</UniqueIdentifier>
    </Filter>
    <Filter Include="Файлы заголовков\textures">
      <UniqueIdentifier>{efb1b4db-a105-4e07-b770-9c8b4ba546e3}</UniqueIdentifier>
    </Filter>
    <Filter Include="Файлы заголовков\renderEngine">
      <UniqueIdentifier>{84595377-ffe8-4d35-9265-3fd2e2b8d294}</UniqueIdentifier>
    </Filter>
    <Filter Include="Файлы заголовков\shaders">
      <UniqueIdentifier>{9d76dabe-86c9-4bd3-9d09-23da18b11eae}</UniqueIdentifier>
    </Filter>
    <Filter Include="Исходные файлы\shaders\glsl">
      <UniqueIdentifier>{12328fb8-5697-453a-bcac-96c5e2902f8e}</UniqueIdentifier>
    </Filter>
    <Filter Include="Исходные файлы\entities">
      <UniqueIdentifier>{de4cf2bd-9bfe-4409-be9e-dd4dfc311676}</UniqueIdentifier>
    </Filter>
    <Filter Include="Файлы заголовков\entities">
      <UniqueIdentifier>{313adb7b-4495-4b5e-b513-c47b52589834}</UniqueIdentifier>
    </Filter>
    <Filter Include="Исходные файлы\toolbox">
      <UniqueIdentifier>{df1c8414-49ed-4859-9f9f-f0f391f3751d}</UniqueIdentifier>
    </Filter>
    <Filter Include="Файлы заголовков\toolbox">
      <UniqueIdentifier>{c7d888bb-cef7-40f6-a59b-2680ef08c1b7}</UniqueIdentifier>
    </Filter>
    <Filter Include="Файлы заголовков\controllers">
      <UniqueIdentifier>{4fbea57c-a8c5-44b7-b0c0-664bc60ee8e3}</UniqueIdentifier>
    </Filter>
    <Filter Include="Исходные файлы\controllers">
      <UniqueIdentifier>{16a2d7c0-ddf1-403c-9cfd-cc2b4d2dab28}</UniqueIdentifier>
    </Filter>
  </ItemGroup>
  <ItemGroup>
    <ClCompile Include="Display.cpp">
      <Filter>Исходные файлы\renderEngine</Filter>
    </ClCompile>
    <ClCompile Include="Renderer.cpp">
      <Filter>Исходные файлы\renderEngine</Filter>
    </ClCompile>
    <ClCompile Include="Loader.cpp">
      <Filter>Исходные файлы\renderEngine</Filter>
    </ClCompile>
    <ClCompile Include="RawModel.cpp">
      <Filter>Исходные файлы\models</Filter>
    </ClCompile>
    <ClCompile Include="TexturedModel.cpp">
      <Filter>Исходные файлы\models</Filter>
    </ClCompile>
    <ClCompile Include="Main.cpp">
      <Filter>Исходные файлы\main</Filter>
    </ClCompile>
    <ClCompile Include="ModelTexture.cpp">
      <Filter>Исходные файлы\textures</Filter>
    </ClCompile>
    <ClCompile Include="ShaderProgram.cpp">
      <Filter>Исходные файлы\shaders</Filter>
    </ClCompile>
    <ClCompile Include="StaticShader.cpp">
      <Filter>Исходные файлы\shaders</Filter>
    </ClCompile>
    <ClCompile Include="StreamShader.cpp">
      <Filter>Исходные файлы\shaders</Filter>
    </ClCompile>
    <ClCompile Include="Entity.cpp">
      <Filter>Исходные файлы\entities</Filter>
    </ClCompile>
    <ClCompile Include="Maths.cpp">
      <Filter>Исходные файлы\toolbox</Filter>
    </ClCompile>
    <ClCompile Include="Camera.h">
      <Filter>Файлы заголовков\entities</Filter>
    </ClCompile>
    <ClCompile Include="Camera.cpp">
      <Filter>Исходные файлы\entities</Filter>
    </ClCompile>
    <ClCompile Include="KeyboardController.cpp">
      <Filter>Исходные файлы\controllers</Filter>
    </ClCompile>
    <ClCompile Include="EntityBuilder.cpp">
      <Filter>Исходные файлы\renderEngine</Filter>
    </ClCompile>
  </ItemGroup>
  <ItemGroup>
    <ClInclude Include="resource.h">
      <Filter>Файлы заголовков</Filter>
    </ClInclude>
    <ClInclude Include="Display.h">
      <Filter>Файлы заголовков\renderEngine</Filter>
    </ClInclude>
    <ClInclude Include="Loader.h">
      <Filter>Файлы заголовков\renderEngine</Filter>
    </ClInclude>
    <ClInclude Include="Renderer.h">
      <Filter>Файлы заголовков\renderEngine</Filter>
    </ClInclude>
    <ClInclude Include="RawModel.h">
      <Filter>Файлы заголовков\models</Filter>
    </ClInclude>
    <ClInclude Include="TexturedModel.h">
      <Filter>Файлы заголовков\models</Filter>
    </ClInclude>
    <ClInclude Include="ModelTexture.h">
      <Filter>Файлы заголовков\textures</Filter>
    </ClInclude>
    <ClInclude Include="ShaderProgram.h">
      <Filter>Файлы заголовков\shaders</Filter>
    </ClInclude>
    <ClInclude Include="StaticShader.h">
      <Filter>Файлы заголовков\shaders</Filter>
    </ClInclude>
    <ClInclude Include="StreamShader.h">
      <Filter>Файлы заголовков\shaders</Filter>
    </ClInclude>
    <ClInclude Include="Entity.h">
      <Filter>Файлы заголовков\entities</Filter>
    </ClInclude>
    <ClInclude Include="Maths.h">
      <Filter>Файлы заголовков\toolbox</Filter>
    </ClInclude>
    <ClInclude Include="KeyboardController.h">
      <Filter>Файлы заголовков\controllers</Filter>
    </ClInclude>
    <ClInclude Include="EntityBuilder.h">
      <Filter>Файлы заголовков\renderEngine</Filter>
    </ClInclude>
  </ItemGroup>
  <ItemGroup>
    <Text Include="StaticFragmentShader.txt">
      <Filter>Исходные файлы\shaders\glsl</Filter>
    </Text>
    <Text Include="StaticVertexShader.txt">
      <Filter>Исходные файлы\shaders\glsl</Filter>
    </Text>
    <Text Include="StreamFragmentShader.txt">
      <Filter>Исходные файлы\shaders\glsl</Filter>
    </Text>
    <Text Include="StreamVertexShader.txt">
      <Filter>Исходные файлы\shaders\glsl</Filter>
    </Text>
  </ItemGroup>
  <ItemGroup>
    <Image Include="map.png">
      <Filter>Файлы ресурсов</Filter>
    </Image>
    <Image Include="Player.png">
      <Filter>Файлы ресурсов</Filter>
    </Image>
  </ItemGroup>
</Project>