<?xml version="1.0" encoding="utf-8"?>
<Project ToolsVersion="4.0" xmlns="http://schemas.microsoft.com/developer/msbuild/2003">
  <ItemGroup>
    <ClCompile Include="Main.cpp">
      <Filter>Исходные файлы</Filter>
    </ClCompile>
    <ClCompile Include="Loader.cpp">
      <Filter>Исходные файлы\renderEngine</Filter>
    </ClCompile>
    <ClCompile Include="Renderer.cpp">
      <Filter>Исходные файлы\renderEngine</Filter>
    </ClCompile>
    <ClCompile Include="Entity.cpp">
      <Filter>Исходные файлы\entities</Filter>
    </ClCompile>
    <ClCompile Include="Display.cpp">
      <Filter>Исходные файлы\renderEngine</Filter>
    </ClCompile>
    <ClCompile Include="StreamShader.cpp">
      <Filter>Исходные файлы\shaders</Filter>
    </ClCompile>
    <ClCompile Include="StaticShader.cpp">
      <Filter>Исходные файлы\shaders</Filter>
    </ClCompile>
    <ClCompile Include="ShaderProgram.cpp">
      <Filter>Исходные файлы\shaders</Filter>
    </ClCompile>
    <ClCompile Include="Map.cpp">
      <Filter>Исходные файлы\entities\map</Filter>
    </ClCompile>
    <ClCompile Include="MapObject.cpp">
      <Filter>Исходные файлы\entities\map</Filter>
    </ClCompile>
    <ClCompile Include="GameController.cpp">
      <Filter>Исходные файлы\controllers</Filter>
    </ClCompile>
    <ClCompile Include="Action.cpp">
      <Filter>Исходные файлы\actions</Filter>
    </ClCompile>
    <ClCompile Include="GoAction.cpp">
      <Filter>Исходные файлы\actions</Filter>
    </ClCompile>
    <ClCompile Include="Maths.cpp">
      <Filter>Исходные файлы\toolbox</Filter>
    </ClCompile>
    <ClCompile Include="TexturedModel.cpp">
      <Filter>Исходные файлы\models</Filter>
    </ClCompile>
    <ClCompile Include="RawModel.cpp">
      <Filter>Исходные файлы\models</Filter>
    </ClCompile>
    <ClCompile Include="ModelTexture.cpp">
      <Filter>Исходные файлы\textures</Filter>
    </ClCompile>
    <ClCompile Include="WayHandler.cpp">
      <Filter>Исходные файлы\controllers\moving</Filter>
    </ClCompile>
    <ClCompile Include="MasterRenderer.cpp">
      <Filter>Исходные файлы\renderEngine</Filter>
    </ClCompile>
    <ClCompile Include="EntityFactory.cpp">
      <Filter>Исходные файлы\entities</Filter>
    </ClCompile>
    <ClCompile Include="Animation.cpp">
      <Filter>Исходные файлы\animations</Filter>
    </ClCompile>
    <ClCompile Include="AnimationPendulum.cpp">
      <Filter>Исходные файлы\animations</Filter>
    </ClCompile>
    <ClCompile Include="AnimationDirect.cpp">
      <Filter>Исходные файлы\animations</Filter>
    </ClCompile>
    <ClCompile Include="Converter.cpp">
      <Filter>Исходные файлы\converters</Filter>
    </ClCompile>
    <ClCompile Include="Creature.cpp">
      <Filter>Исходные файлы\entities\creatures</Filter>
    </ClCompile>
    <ClCompile Include="Monster.cpp">
      <Filter>Исходные файлы\entities\creatures</Filter>
    </ClCompile>
    <ClCompile Include="Player.cpp">
      <Filter>Исходные файлы\entities\creatures</Filter>
    </ClCompile>
    <ClCompile Include="MobSpawner.cpp">
      <Filter>Исходные файлы\entities\creatures</Filter>
    </ClCompile>
    <ClCompile Include="GuiRenderer.cpp">
      <Filter>Исходные файлы\renderEngine</Filter>
    </ClCompile>
    <ClCompile Include="Frame.cpp">
      <Filter>Исходные файлы\guis\items</Filter>
    </ClCompile>
    <ClCompile Include="GuiItem.cpp">
      <Filter>Исходные файлы\guis\items</Filter>
    </ClCompile>
    <ClCompile Include="Label.cpp">
      <Filter>Исходные файлы\guis\items</Filter>
    </ClCompile>
    <ClCompile Include="Slot.cpp">
      <Filter>Исходные файлы\guis\items</Filter>
    </ClCompile>
    <ClCompile Include="SlotArray.cpp">
      <Filter>Исходные файлы\guis\items</Filter>
    </ClCompile>
    <ClCompile Include="TextField.cpp">
      <Filter>Исходные файлы\guis\items</Filter>
    </ClCompile>
    <ClCompile Include="GuiElementFactory.cpp">
      <Filter>Исходные файлы\guis</Filter>
    </ClCompile>
    <ClCompile Include="GuiItemBuilder.cpp">
      <Filter>Исходные файлы\guis</Filter>
    </ClCompile>
    <ClCompile Include="GuiShader.cpp">
      <Filter>Исходные файлы\shaders</Filter>
    </ClCompile>
    <ClCompile Include="Picture.cpp">
      <Filter>Исходные файлы\guis\items</Filter>
    </ClCompile>
    <ClCompile Include="Cursor.cpp">
      <Filter>Исходные файлы\guis</Filter>
    </ClCompile>
    <ClCompile Include="Camera.cpp">
      <Filter>Исходные файлы\entities</Filter>
    </ClCompile>
    <ClCompile Include="Gui.cpp">
      <Filter>Исходные файлы\guis</Filter>
    </ClCompile>
    <ClCompile Include="TextFieldWithButton.cpp">
      <Filter>Исходные файлы\guis\items</Filter>
    </ClCompile>
    <ClCompile Include="RoundButton.cpp">
      <Filter>Исходные файлы\guis\items</Filter>
    </ClCompile>
    <ClCompile Include="Item.cpp">
      <Filter>Исходные файлы\entities\items</Filter>
    </ClCompile>
    <ClCompile Include="PickedItem.cpp">
      <Filter>Исходные файлы\entities\items</Filter>
    </ClCompile>
    <ClCompile Include="DroppedItem.cpp">
      <Filter>Исходные файлы\entities\items</Filter>
    </ClCompile>
    <ClCompile Include="FramedLabel.cpp">
      <Filter>Исходные файлы\guis\items</Filter>
    </ClCompile>
  </ItemGroup>
  <ItemGroup>
    <ClInclude Include="resource.h" />
    <ClInclude Include="Action.h">
      <Filter>Файлы заголовков\actions</Filter>
    </ClInclude>
    <ClInclude Include="GoAction.h">
      <Filter>Файлы заголовков\actions</Filter>
    </ClInclude>
    <ClInclude Include="Entity.h">
      <Filter>Файлы заголовков\entities</Filter>
    </ClInclude>
    <ClInclude Include="Map.h">
      <Filter>Файлы заголовков\entities\map</Filter>
    </ClInclude>
    <ClInclude Include="MapObject.h">
      <Filter>Файлы заголовков\entities\map</Filter>
    </ClInclude>
    <ClInclude Include="WayHandler.h">
      <Filter>Файлы заголовков\controllers\moving</Filter>
    </ClInclude>
    <ClInclude Include="RawModel.h">
      <Filter>Файлы заголовков\models</Filter>
    </ClInclude>
    <ClInclude Include="TexturedModel.h">
      <Filter>Файлы заголовков\models</Filter>
    </ClInclude>
    <ClInclude Include="Renderer.h">
      <Filter>Файлы заголовков\renderEngine</Filter>
    </ClInclude>
    <ClInclude Include="Loader.h">
      <Filter>Файлы заголовков\renderEngine</Filter>
    </ClInclude>
    <ClInclude Include="Display.h">
      <Filter>Файлы заголовков\renderEngine</Filter>
    </ClInclude>
    <ClInclude Include="ShaderProgram.h">
      <Filter>Файлы заголовков\shaders</Filter>
    </ClInclude>
    <ClInclude Include="StaticShader.h">
      <Filter>Файлы заголовков\shaders</Filter>
    </ClInclude>
    <ClInclude Include="StreamShader.h">
      <Filter>Файлы заголовков\shaders</Filter>
    </ClInclude>
    <ClInclude Include="Maths.h">
      <Filter>Файлы заголовков\toolbox</Filter>
    </ClInclude>
    <ClInclude Include="ModelTexture.h">
      <Filter>Файлы заголовков\textures</Filter>
    </ClInclude>
    <ClInclude Include="Moveable.h">
      <Filter>Файлы заголовков\entities</Filter>
    </ClInclude>
    <ClInclude Include="Tile.h">
      <Filter>Файлы заголовков\entities\map</Filter>
    </ClInclude>
    <ClInclude Include="MasterRenderer.h">
      <Filter>Файлы заголовков\renderEngine</Filter>
    </ClInclude>
    <ClInclude Include="EntityFactory.h">
      <Filter>Файлы заголовков\entities</Filter>
    </ClInclude>
    <ClInclude Include="Animation.h">
      <Filter>Файлы заголовков\animations</Filter>
    </ClInclude>
    <ClInclude Include="AnimationPendulum.h">
      <Filter>Файлы заголовков\animations</Filter>
    </ClInclude>
    <ClInclude Include="AnimationDirect.h">
      <Filter>Файлы заголовков\animations</Filter>
    </ClInclude>
    <ClInclude Include="Converter.h">
      <Filter>Файлы заголовков\converters</Filter>
    </ClInclude>
    <ClInclude Include="GameController.h">
      <Filter>Файлы заголовков\controllers</Filter>
    </ClInclude>
    <ClInclude Include="Creature.h">
      <Filter>Файлы заголовков\entities\creatures</Filter>
    </ClInclude>
    <ClInclude Include="Monster.h">
      <Filter>Файлы заголовков\entities\creatures</Filter>
    </ClInclude>
    <ClInclude Include="Player.h">
      <Filter>Файлы заголовков\entities\creatures</Filter>
    </ClInclude>
    <ClInclude Include="MobSpawner.h">
      <Filter>Файлы заголовков\entities\creatures</Filter>
    </ClInclude>
    <ClInclude Include="GuiItem.h">
      <Filter>Файлы заголовков\guis\items</Filter>
    </ClInclude>
    <ClInclude Include="Label.h">
      <Filter>Файлы заголовков\guis\items</Filter>
    </ClInclude>
    <ClInclude Include="Slot.h">
      <Filter>Файлы заголовков\guis\items</Filter>
    </ClInclude>
    <ClInclude Include="SlotArray.h">
      <Filter>Файлы заголовков\guis\items</Filter>
    </ClInclude>
    <ClInclude Include="TextField.h">
      <Filter>Файлы заголовков\guis\items</Filter>
    </ClInclude>
    <ClInclude Include="GuiItemBuilder.h">
      <Filter>Файлы заголовков\guis</Filter>
    </ClInclude>
    <ClInclude Include="GuiElementFactory.h">
      <Filter>Файлы заголовков\guis</Filter>
    </ClInclude>
    <ClInclude Include="GuiElement.h">
      <Filter>Файлы заголовков\guis</Filter>
    </ClInclude>
    <ClInclude Include="GuiRenderer.h">
      <Filter>Файлы заголовков\renderEngine</Filter>
    </ClInclude>
    <ClInclude Include="GuiShader.h">
      <Filter>Файлы заголовков\shaders</Filter>
    </ClInclude>
    <ClInclude Include="OpenChestAction.h">
      <Filter>Файлы заголовков\actions</Filter>
    </ClInclude>
    <ClInclude Include="Picture.h">
      <Filter>Файлы заголовков\guis\items</Filter>
    </ClInclude>
    <ClInclude Include="Cursor.h">
      <Filter>Файлы заголовков\guis</Filter>
    </ClInclude>
    <ClInclude Include="Frame.h">
      <Filter>Файлы заголовков\guis\items</Filter>
    </ClInclude>
    <ClInclude Include="Camera.h">
      <Filter>Файлы заголовков\entities</Filter>
    </ClInclude>
    <ClInclude Include="Gui.h">
      <Filter>Файлы заголовков\guis</Filter>
    </ClInclude>
    <ClInclude Include="TextFieldWithButton.h">
      <Filter>Файлы заголовков\guis\items</Filter>
    </ClInclude>
    <ClInclude Include="RoundButton.h">
      <Filter>Файлы заголовков\guis\items</Filter>
    </ClInclude>
    <ClInclude Include="PickedItem.h">
      <Filter>Файлы заголовков\entities\items</Filter>
    </ClInclude>
    <ClInclude Include="Item.h">
      <Filter>Файлы заголовков\entities\items</Filter>
    </ClInclude>
    <ClInclude Include="DroppedItem.h">
      <Filter>Файлы заголовков\entities\items</Filter>
    </ClInclude>
    <ClInclude Include="FramedLabel.h">
      <Filter>Файлы заголовков\guis\items</Filter>
    </ClInclude>
  </ItemGroup>
  <ItemGroup>
    <Image Include="magicGladiator.png">
      <Filter>Файлы ресурсов</Filter>
    </Image>
    <Image Include="map.png">
      <Filter>Файлы ресурсов</Filter>
    </Image>
    <Image Include="Player.png">
      <Filter>Файлы ресурсов</Filter>
    </Image>
  </ItemGroup>
  <ItemGroup>
    <Text Include="StaticFragmentShader.txt">
      <Filter>Исходные файлы\shaders\glsl</Filter>
    </Text>
    <Text Include="StaticVertexShader.txt">
      <Filter>Исходные файлы\shaders\glsl</Filter>
    </Text>
    <Text Include="StreamFragmentShader.txt">
      <Filter>Исходные файлы\shaders\glsl</Filter>
    </Text>
    <Text Include="StreamVertexShader.txt">
      <Filter>Исходные файлы\shaders\glsl</Filter>
    </Text>
    <Text Include="tarkan.txt">
      <Filter>Исходные файлы\entities\map</Filter>
    </Text>
    <Text Include="guiVertexShader.txt">
      <Filter>Исходные файлы\shaders\glsl</Filter>
    </Text>
    <Text Include="guiFragmentShader.txt">
      <Filter>Исходные файлы\shaders\glsl</Filter>
    </Text>
    <Text Include="labirint.txt">
      <Filter>Исходные файлы\entities\map</Filter>
    </Text>
  </ItemGroup>
  <ItemGroup>
    <Filter Include="Исходные файлы">
      <UniqueIdentifier>{fe8d821b-347c-43d9-8747-b142aa7704b1}</UniqueIdentifier>
    </Filter>
    <Filter Include="Файлы ресурсов">
      <UniqueIdentifier>{91c3906c-6b4f-4e8f-af37-bd005923fcd3}</UniqueIdentifier>
    </Filter>
    <Filter Include="Файлы заголовков">
      <UniqueIdentifier>{453db3a4-6494-4bd0-88db-a06de347b07c}</UniqueIdentifier>
    </Filter>
    <Filter Include="Исходные файлы\renderEngine">
      <UniqueIdentifier>{c8898e99-2dd6-45ba-b6df-2536d5e46dd0}</UniqueIdentifier>
    </Filter>
    <Filter Include="Исходные файлы\entities">
      <UniqueIdentifier>{6bf695e3-0ca8-4a99-8839-3c684a95b15f}</UniqueIdentifier>
    </Filter>
    <Filter Include="Исходные файлы\shaders">
      <UniqueIdentifier>{0b1e85a4-9bf4-4d2f-b680-3555716baa12}</UniqueIdentifier>
    </Filter>
    <Filter Include="Исходные файлы\shaders\glsl">
      <UniqueIdentifier>{1e343758-1ee3-4edd-bfca-4ee4f2821bba}</UniqueIdentifier>
    </Filter>
    <Filter Include="Исходные файлы\entities\map">
      <UniqueIdentifier>{cc2f74b9-6ea7-4e5a-8135-d17de329ee4e}</UniqueIdentifier>
    </Filter>
    <Filter Include="Исходные файлы\controllers">
      <UniqueIdentifier>{c0fbcce0-5d8b-4712-a7e8-a83512d2708c}</UniqueIdentifier>
    </Filter>
    <Filter Include="Исходные файлы\actions">
      <UniqueIdentifier>{b9982fa9-b10d-4658-8fd0-13be01cb8f4b}</UniqueIdentifier>
    </Filter>
    <Filter Include="Исходные файлы\toolbox">
      <UniqueIdentifier>{2453061a-a1f2-478d-b17b-da45c50e4068}</UniqueIdentifier>
    </Filter>
    <Filter Include="Исходные файлы\models">
      <UniqueIdentifier>{81fcad73-a87c-44e4-a72f-b0bb4973f1c4}</UniqueIdentifier>
    </Filter>
    <Filter Include="Исходные файлы\textures">
      <UniqueIdentifier>{b686a68b-f107-4ea4-acaf-7fd3082050e5}</UniqueIdentifier>
    </Filter>
    <Filter Include="Исходные файлы\controllers\moving">
      <UniqueIdentifier>{aa4937c2-788a-47d6-9d6e-fee24d3e324c}</UniqueIdentifier>
    </Filter>
    <Filter Include="Файлы заголовков\actions">
      <UniqueIdentifier>{cf18bb7d-6702-4341-8694-aa22c1734295}</UniqueIdentifier>
    </Filter>
    <Filter Include="Файлы заголовков\controllers">
      <UniqueIdentifier>{3b072c23-312a-413f-a442-40f0ce237588}</UniqueIdentifier>
    </Filter>
    <Filter Include="Файлы заголовков\models">
      <UniqueIdentifier>{ebb4f266-b861-4559-b4f0-1cf7690b045e}</UniqueIdentifier>
    </Filter>
    <Filter Include="Файлы заголовков\textures">
      <UniqueIdentifier>{2cb02df8-680d-4ceb-ae56-5078e48d23cd}</UniqueIdentifier>
    </Filter>
    <Filter Include="Файлы заголовков\toolbox">
      <UniqueIdentifier>{76e34cda-c5fc-40db-88a5-98bd205aba59}</UniqueIdentifier>
    </Filter>
    <Filter Include="Файлы заголовков\shaders">
      <UniqueIdentifier>{4ab6ab6b-0346-46e0-818d-7a2b29f34627}</UniqueIdentifier>
    </Filter>
    <Filter Include="Файлы заголовков\renderEngine">
      <UniqueIdentifier>{21a7f0e6-afd1-47d2-a4c7-65bac14d4395}</UniqueIdentifier>
    </Filter>
    <Filter Include="Файлы заголовков\controllers\moving">
      <UniqueIdentifier>{272893fc-c25b-4be3-9a10-4bfa1793284b}</UniqueIdentifier>
    </Filter>
    <Filter Include="Файлы заголовков\entities">
      <UniqueIdentifier>{3e4b7603-0bbd-4935-a17b-b67db63d1c23}</UniqueIdentifier>
    </Filter>
    <Filter Include="Файлы заголовков\entities\map">
      <UniqueIdentifier>{ac34a9d5-149e-495f-a817-217b87ddb751}</UniqueIdentifier>
    </Filter>
    <Filter Include="Файлы заголовков\animations">
      <UniqueIdentifier>{ac004810-09fb-4b45-b9de-b8c2605f82ca}</UniqueIdentifier>
    </Filter>
    <Filter Include="Исходные файлы\animations">
      <UniqueIdentifier>{901790d7-387d-4f1f-9273-72cf195bfa31}</UniqueIdentifier>
    </Filter>
    <Filter Include="Исходные файлы\converters">
      <UniqueIdentifier>{58329988-a2ef-4bf4-aac8-b7523d057ccf}</UniqueIdentifier>
    </Filter>
    <Filter Include="Файлы заголовков\converters">
      <UniqueIdentifier>{2753d968-860f-480d-892b-70f097f2ea5e}</UniqueIdentifier>
    </Filter>
    <Filter Include="Исходные файлы\entities\creatures">
      <UniqueIdentifier>{c5df5656-2497-4412-9efe-07f08d643db2}</UniqueIdentifier>
    </Filter>
    <Filter Include="Файлы заголовков\entities\creatures">
      <UniqueIdentifier>{7611cde6-ab41-49d0-bcdb-a2981b287ecc}</UniqueIdentifier>
    </Filter>
    <Filter Include="Файлы заголовков\guis">
      <UniqueIdentifier>{9300e283-bbea-45d0-b423-c895ae549dd0}</UniqueIdentifier>
    </Filter>
    <Filter Include="Файлы заголовков\guis\items">
      <UniqueIdentifier>{c871bc09-778d-45ad-98d0-ac2b39cc4db2}</UniqueIdentifier>
    </Filter>
    <Filter Include="Исходные файлы\guis">
      <UniqueIdentifier>{cb7ed4cb-0518-4112-bafe-7c1e6bace045}</UniqueIdentifier>
    </Filter>
    <Filter Include="Исходные файлы\guis\items">
      <UniqueIdentifier>{b6a936a8-ced5-4a75-9d6d-210e785fa871}</UniqueIdentifier>
    </Filter>
    <Filter Include="Файлы заголовков\entities\items">
      <UniqueIdentifier>{a2343236-40d1-4dce-8b8a-ca506e4d4ef9}</UniqueIdentifier>
    </Filter>
    <Filter Include="Исходные файлы\entities\items">
      <UniqueIdentifier>{d98884fa-2519-45c7-94b8-f63ea1df0f32}</UniqueIdentifier>
    </Filter>
  </ItemGroup>
</Project>